
Microsoft Visual Studio Solution File, Format Version 12.00
# Visual Studio Version 16
VisualStudioVersion = 16.0.31605.320
MinimumVisualStudioVersion = 10.0.40219.1
Project("{FAE04EC0-301F-11D3-BF4B-00C04F79EFBC}") = "PacketTracerConfigUnlock", "PacketTracerConfigUnlock\PacketTracerConfigUnlock.csproj", "{B93D65DA-C0D1-4FC1-B861-3CB94BE2149A}"
EndProject
Global
	GlobalSection(SolutionConfigurationPlatforms) = preSolution
		Debug|Any CPU = Debug|Any CPU
		Release|Any CPU = Release|Any CPU
	EndGlobalSection
	GlobalSection(ProjectConfigurationPlatforms) = postSolution
		{B93D65DA-C0D1-4FC1-B861-3CB94BE2149A}.Debug|Any CPU.ActiveCfg = Debug|Any CPU
		{B93D65DA-C0D1-4FC1-B861-3CB94BE2149A}.Debug|Any CPU.Build.0 = Debug|Any CPU
		{B93D65DA-C0D1-4FC1-B861-3CB94BE2149A}.Release|Any CPU.ActiveCfg = Release|Any CPU
		{B93D65DA-C0D1-4FC1-B861-3CB94BE2149A}.Release|Any CPU.Build.0 = Release|Any CPU
	EndGlobalSection
	GlobalSection(SolutionProperties) = preSolution
		HideSolutionNode = FALSE
	EndGlobalSection
	GlobalSection(ExtensibilityGlobals) = postSolution
		SolutionGuid = {9ABAEB51-A9B7-4DE8-9E50-1C57549E0EA7}
	EndGlobalSection
EndGlobal
